
Microsoft Visual Studio Solution File, Format Version 12.00
# Visual Studio Version 16
VisualStudioVersion = 16.0.31205.134
MinimumVisualStudioVersion = 10.0.40219.1
Project("{FAE04EC0-301F-11D3-BF4B-00C04F79EFBC}") = "KnToolsHulft", "KnToolsHulft\KnToolsHulft.csproj", "{600E3490-FB32-4F51-8998-4AAE2BFFFD23}"
EndProject
Global
	GlobalSection(SolutionConfigurationPlatforms) = preSolution
		Debug|Any CPU = Debug|Any CPU
		Release|Any CPU = Release|Any CPU
	EndGlobalSection
	GlobalSection(ProjectConfigurationPlatforms) = postSolution
		{600E3490-FB32-4F51-8998-4AAE2BFFFD23}.Debug|Any CPU.ActiveCfg = Debug|Any CPU
		{600E3490-FB32-4F51-8998-4AAE2BFFFD23}.Debug|Any CPU.Build.0 = Debug|Any CPU
		{600E3490-FB32-4F51-8998-4AAE2BFFFD23}.Release|Any CPU.ActiveCfg = Release|Any CPU
		{600E3490-FB32-4F51-8998-4AAE2BFFFD23}.Release|Any CPU.Build.0 = Release|Any CPU
	EndGlobalSection
	GlobalSection(SolutionProperties) = preSolution
		HideSolutionNode = FALSE
	EndGlobalSection
	GlobalSection(ExtensibilityGlobals) = postSolution
		SolutionGuid = {2EA2B1A8-5986-49EC-8C62-C3C646012DB5}
	EndGlobalSection
EndGlobal
